
Microsoft Visual Studio Solution File, Format Version 12.00
# Visual Studio Version 17
VisualStudioVersion = 17.8.34330.188
MinimumVisualStudioVersion = 10.0.40219.1
Project("{FAE04EC0-301F-11D3-BF4B-00C04F79EFBC}") = "ToDoList", "ToDoList\ToDoList.csproj", "{121EC27D-84EE-42D0-B698-CF1ED7C1B19D}"
EndProject
Global
	GlobalSection(SolutionConfigurationPlatforms) = preSolution
		Debug|Any CPU = Debug|Any CPU
		Release|Any CPU = Release|Any CPU
	EndGlobalSection
	GlobalSection(ProjectConfigurationPlatforms) = postSolution
		{121EC27D-84EE-42D0-B698-CF1ED7C1B19D}.Debug|Any CPU.ActiveCfg = Debug|Any CPU
		{121EC27D-84EE-42D0-B698-CF1ED7C1B19D}.Debug|Any CPU.Build.0 = Debug|Any CPU
		{121EC27D-84EE-42D0-B698-CF1ED7C1B19D}.Release|Any CPU.ActiveCfg = Release|Any CPU
		{121EC27D-84EE-42D0-B698-CF1ED7C1B19D}.Release|Any CPU.Build.0 = Release|Any CPU
	EndGlobalSection
	GlobalSection(SolutionProperties) = preSolution
		HideSolutionNode = FALSE
	EndGlobalSection
	GlobalSection(ExtensibilityGlobals) = postSolution
		SolutionGuid = {CE61A739-0EA4-4C7A-A56B-DF814E67ACFC}
	EndGlobalSection
EndGlobal
